
Microsoft Visual Studio Solution File, Format Version 12.00
# Visual Studio Version 17
VisualStudioVersion = 17.0.31912.275
MinimumVisualStudioVersion = 10.0.40219.1
Project("{FAE04EC0-301F-11D3-BF4B-00C04F79EFBC}") = "DeskBooker.Core.Tests", "DeskBooker.Core.Tests\DeskBooker.Core.Tests.csproj", "{159FF609-BE20-412B-87B0-D8C5991D61D9}"
EndProject
Global
	GlobalSection(SolutionConfigurationPlatforms) = preSolution
		Debug|Any CPU = Debug|Any CPU
		Release|Any CPU = Release|Any CPU
	EndGlobalSection
	GlobalSection(ProjectConfigurationPlatforms) = postSolution
		{159FF609-BE20-412B-87B0-D8C5991D61D9}.Debug|Any CPU.ActiveCfg = Debug|Any CPU
		{159FF609-BE20-412B-87B0-D8C5991D61D9}.Debug|Any CPU.Build.0 = Debug|Any CPU
		{159FF609-BE20-412B-87B0-D8C5991D61D9}.Release|Any CPU.ActiveCfg = Release|Any CPU
		{159FF609-BE20-412B-87B0-D8C5991D61D9}.Release|Any CPU.Build.0 = Release|Any CPU
	EndGlobalSection
	GlobalSection(SolutionProperties) = preSolution
		HideSolutionNode = FALSE
	EndGlobalSection
	GlobalSection(ExtensibilityGlobals) = postSolution
		SolutionGuid = {4338DDD4-E33B-4A4D-BBAE-981A211408B4}
	EndGlobalSection
EndGlobal
